// !$*UTF8*$!
{
	archiveVersion = 1;
	classes = {
	};
	objectVersion = 46;
	objects = {

/* Begin PBXBuildFile section */
		3C987CAD1C16F35C002FAB88 /* main.m in Sources */ = {isa = PBXBuildFile; fileRef = 3C987CAC1C16F35C002FAB88 /* main.m */; };
		3C987CB01C16F35C002FAB88 /* AppDelegate.m in Sources */ = {isa = PBXBuildFile; fileRef = 3C987CAF1C16F35C002FAB88 /* AppDelegate.m */; };
		3C987CB31C16F35C002FAB88 /* ViewController.m in Sources */ = {isa = PBXBuildFile; fileRef = 3C987CB21C16F35C002FAB88 /* ViewController.m */; };
		3C987CB61C16F35C002FAB88 /* Main.storyboard in Resources */ = {isa = PBXBuildFile; fileRef = 3C987CB41C16F35C002FAB88 /* Main.storyboard */; };
		3C987CB81C16F35C002FAB88 /* Assets.xcassets in Resources */ = {isa = PBXBuildFile; fileRef = 3C987CB71C16F35C002FAB88 /* Assets.xcassets */; };
		3C987CBB1C16F35C002FAB88 /* LaunchScreen.storyboard in Resources */ = {isa = PBXBuildFile; fileRef = 3C987CB91C16F35C002FAB88 /* LaunchScreen.storyboard */; };
		3C987CC51C16F546002FAB88 /* TableViewCell.m in Sources */ = {isa = PBXBuildFile; fileRef = 3C987CC31C16F546002FAB88 /* TableViewCell.m */; };
		3C987CC61C16F546002FAB88 /* TableViewCell.xib in Resources */ = {isa = PBXBuildFile; fileRef = 3C987CC41C16F546002FAB88 /* TableViewCell.xib */; };
/* End PBXBuildFile section */

/* Begin PBXFileReference section */
		3C987CA81C16F35C002FAB88 /* UISearchDisplayControllerDemo.app */ = {isa = PBXFileReference; explicitFileType = wrapper.application; includeInIndex = 0; path = UISearchDisplayControllerDemo.app; sourceTree = BUILT_PRODUCTS_DIR; };
		3C987CAC1C16F35C002FAB88 /* main.m */ = {isa = PBXFileReference; lastKnownFileType = sourcecode.c.objc; path = main.m; sourceTree = "<group>"; };
		3C987CAE1C16F35C002FAB88 /* AppDelegate.h */ = {isa = PBXFileReference; lastKnownFileType = sourcecode.c.h; path = AppDelegate.h; sourceTree = "<group>"; };
		3C987CAF1C16F35C002FAB88 /* AppDelegate.m */ = {isa = PBXFileReference; lastKnownFileType = sourcecode.c.objc; path = AppDelegate.m; sourceTree = "<group>"; };
		3C987CB11C16F35C002FAB88 /* ViewController.h */ = {isa = PBXFileReference; lastKnownFileType = sourcecode.c.h; path = ViewController.h; sourceTree = "<group>"; };
		3C987CB21C16F35C002FAB88 /* ViewController.m */ = {isa = PBXFileReference; lastKnownFileType = sourcecode.c.objc; path = ViewController.m; sourceTree = "<group>"; };
		3C987CB51C16F35C002FAB88 /* Base */ = {isa = PBXFileReference; lastKnownFileType = file.storyboard; name = Base; path = Base.lproj/Main.storyboard; sourceTree = "<group>"; };
		3C987CB71C16F35C002FAB88 /* Assets.xcassets */ = {isa = PBXFileReference; lastKnownFileType = folder.assetcatalog; path = Assets.xcassets; sourceTree = "<group>"; };
		3C987CBA1C16F35C002FAB88 /* Base */ = {isa = PBXFileReference; lastKnownFileType = file.storyboard; name = Base; path = Base.lproj/LaunchScreen.storyboard; sourceTree = "<group>"; };
		3C987CBC1C16F35C002FAB88 /* Info.plist */ = {isa = PBXFileReference; lastKnownFileType = text.plist.xml; path = Info.plist; sourceTree = "<group>"; };
		3C987CC21C16F546002FAB88 /* TableViewCell.h */ = {isa = PBXFileReference; fileEncoding = 4; lastKnownFileType = sourcecode.c.h; path = TableViewCell.h; sourceTree = "<group>"; };
		3C987CC31C16F546002FAB88 /* TableViewCell.m */ = {isa = PBXFileReference; fileEncoding = 4; lastKnownFileType = sourcecode.c.objc; path = TableViewCell.m; sourceTree = "<group>"; };
		3C987CC41C16F546002FAB88 /* TableViewCell.xib */ = {isa = PBXFileReference; fileEncoding = 4; lastKnownFileType = file.xib; path = TableViewCell.xib; sourceTree = "<group>"; };
/* End PBXFileReference section */

/* Begin PBXFrameworksBuildPhase section */
		3C987CA51C16F35C002FAB88 /* Frameworks */ = {
			isa = PBXFrameworksBuildPhase;
			buildActionMask = 2147483647;
			files = (
			);
			runOnlyForDeploymentPostprocessing = 0;
		};
/* End PBXFrameworksBuildPhase section */

/* Begin PBXGroup section */
		3C987C9F1C16F35B002FAB88 = {
			isa = PBXGroup;
			children = (
				3C987CAA1C16F35C002FAB88 /* UISearchDisplayControllerDemo */,
				3C987CA91C16F35C002FAB88 /* Products */,
			);
			sourceTree = "<group>";
		};
		3C987CA91C16F35C002FAB88 /* Products */ = {
			isa = PBXGroup;
			children = (
				3C987CA81C16F35C002FAB88 /* UISearchDisplayControllerDemo.app */,
			);
			name = Products;
			sourceTree = "<group>";
		};
		3C987CAA1C16F35C002FAB88 /* UISearchDisplayControllerDemo */ = {
			isa = PBXGroup;
			children = (
				3C987CAE1C16F35C002FAB88 /* AppDelegate.h */,
				3C987CAF1C16F35C002FAB88 /* AppDelegate.m */,
				3C987CB11C16F35C002FAB88 /* ViewController.h */,
				3C987CB21C16F35C002FAB88 /* ViewController.m */,
				3C987CC21C16F546002FAB88 /* TableViewCell.h */,
				3C987CC31C16F546002FAB88 /* TableViewCell.m */,
				3C987CC41C16F546002FAB88 /* TableViewCell.xib */,
				3C987CB41C16F35C002FAB88 /* Main.storyboard */,
				3C987CB71C16F35C002FAB88 /* Assets.xcassets */,
				3C987CB91C16F35C002FAB88 /* LaunchScreen.storyboard */,
				3C987CBC1C16F35C002FAB88 /* Info.plist */,
				3C987CAB1C16F35C002FAB88 /* Supporting Files */,
			);
			path = UISearchDisplayControllerDemo;
			sourceTree = "<group>";
		};
		3C987CAB1C16F35C002FAB88 /* Supporting Files */ = {
			isa = PBXGroup;
			children = (
				3C987CAC1C16F35C002FAB88 /* main.m */,
			);
			name = "Supporting Files";
			sourceTree = "<group>";
		};
/* End PBXGroup section */

/* Begin PBXNativeTarget section */
		3C987CA71C16F35C002FAB88 /* UISearchDisplayControllerDemo */ = {
			isa = PBXNativeTarget;
			buildConfigurationList = 3C987CBF1C16F35C002FAB88 /* Build configuration list for PBXNativeTarget "UISearchDisplayControllerDemo" */;
			buildPhases = (
				3C987CA41C16F35C002FAB88 /* Sources */,
				3C987CA51C16F35C002FAB88 /* Frameworks */,
				3C987CA61C16F35C002FAB88 /* Resources */,
			);
			buildRules = (
			);
			dependencies = (
			);
			name = UISearchDisplayControllerDemo;
			productName = UISearchDisplayControllerDemo;
			productReference = 3C987CA81C16F35C002FAB88 /* UISearchDisplayControllerDemo.app */;
			productType = "com.apple.product-type.application";
		};
/* End PBXNativeTarget section */

/* Begin PBXProject section */
		3C987CA01C16F35B002FAB88 /* Project object */ = {
			isa = PBXProject;
			attributes = {
				LastUpgradeCheck = 0720;
				ORGANIZATIONNAME = "litt1e-p";
				TargetAttributes = {
					3C987CA71C16F35C002FAB88 = {
						CreatedOnToolsVersion = 7.2;
					};
				};
			};
			buildConfigurationList = 3C987CA31C16F35B002FAB88 /* Build configuration list for PBXProject "UISearchDisplayControllerDemo" */;
			compatibilityVersion = "Xcode 3.2";
			developmentRegion = English;
			hasScannedForEncodings = 0;
			knownRegions = (
				en,
				Base,
			);
			mainGroup = 3C987C9F1C16F35B002FAB88;
			productRefGroup = 3C987CA91C16F35C002FAB88 /* Products */;
			projectDirPath = "";
			projectRoot = "";
			targets = (
				3C987CA71C16F35C002FAB88 /* UISearchDisplayControllerDemo */,
			);
		};
/* End PBXProject section */

/* Begin PBXResourcesBuildPhase section */
		3C987CA61C16F35C002FAB88 /* Resources */ = {
			isa = PBXResourcesBuildPhase;
			buildActionMask = 2147483647;
			files = (
				3C987CBB1C16F35C002FAB88 /* LaunchScreen.storyboard in Resources */,
				3C987CC61C16F546002FAB88 /* TableViewCell.xib in Resources */,
				3C987CB81C16F35C002FAB88 /* Assets.xcassets in Resources */,
				3C987CB61C16F35C002FAB88 /* Main.storyboard in Resources */,
			);
			runOnlyForDeploymentPostprocessing = 0;
		};
/* End PBXResourcesBuildPhase section */

/* Begin PBXSourcesBuildPhase section */
		3C987CA41C16F35C002FAB88 /* Sources */ = {
			isa = PBXSourcesBuildPhase;
			buildActionMask = 2147483647;
			files = (
				3C987CB31C16F35C002FAB88 /* ViewController.m in Sources */,
				3C987CC51C16F546002FAB88 /* TableViewCell.m in Sources */,
				3C987CB01C16F35C002FAB88 /* AppDelegate.m in Sources */,
				3C987CAD1C16F35C002FAB88 /* main.m in Sources */,
			);
			runOnlyForDeploymentPostprocessing = 0;
		};
/* End PBXSourcesBuildPhase section */

/* Begin PBXVariantGroup section */
		3C987CB41C16F35C002FAB88 /* Main.storyboard */ = {
			isa = PBXVariantGroup;
			children = (
				3C987CB51C16F35C002FAB88 /* Base */,
			);
			name = Main.storyboard;
			sourceTree = "<group>";
		};
		3C987CB91C16F35C002FAB88 /* LaunchScreen.storyboard */ = {
			isa = PBXVariantGroup;
			children = (
				3C987CBA1C16F35C002FAB88 /* Base */,
			);
			name = LaunchScreen.storyboard;
			sourceTree = "<group>";
		};
/* End PBXVariantGroup section */

/* Begin XCBuildConfiguration section */
		3C987CBD1C16F35C002FAB88 /* Debug */ = {
			isa = XCBuildConfiguration;
			buildSettings = {
				ALWAYS_SEARCH_USER_PATHS = NO;
				CLANG_CXX_LANGUAGE_STANDARD = "gnu++0x";
				CLANG_CXX_LIBRARY = "libc++";
				CLANG_ENABLE_MODULES = YES;
				CLANG_ENABLE_OBJC_ARC = YES;
				CLANG_WARN_BOOL_CONVERSION = YES;
				CLANG_WARN_CONSTANT_CONVERSION = YES;
				CLANG_WARN_DIRECT_OBJC_ISA_USAGE = YES_ERROR;
				CLANG_WARN_EMPTY_BODY = YES;
				CLANG_WARN_ENUM_CONVERSION = YES;
				CLANG_WARN_INT_CONVERSION = YES;
				CLANG_WARN_OBJC_ROOT_CLASS = YES_ERROR;
				CLANG_WARN_UNREACHABLE_CODE = YES;
				CLANG_WARN__DUPLICATE_METHOD_MATCH = YES;
				"CODE_SIGN_IDENTITY[sdk=iphoneos*]" = "iPhone Developer";
				COPY_PHASE_STRIP = NO;
				DEBUG_INFORMATION_FORMAT = dwarf;
				ENABLE_STRICT_OBJC_MSGSEND = YES;
				ENABLE_TESTABILITY = YES;
				GCC_C_LANGUAGE_STANDARD = gnu99;
				GCC_DYNAMIC_NO_PIC = NO;
				GCC_NO_COMMON_BLOCKS = YES;
				GCC_OPTIMIZATION_LEVEL = 0;
				GCC_PREPROCESSOR_DEFINITIONS = (
					"DEBUG=1",
					"$(inherited)",
				);
				GCC_WARN_64_TO_32_BIT_CONVERSION = YES;
				GCC_WARN_ABOUT_RETURN_TYPE = YES_ERROR;
				GCC_WARN_UNDECLARED_SELECTOR = YES;
				GCC_WARN_UNINITIALIZED_AUTOS = YES_AGGRESSIVE;
				GCC_WARN_UNUSED_FUNCTION = YES;
				GCC_WARN_UNUSED_VARIABLE = YES;
				IPHONEOS_DEPLOYMENT_TARGET = 9.2;
				MTL_ENABLE_DEBUG_INFO = YES;
				ONLY_ACTIVE_ARCH = YES;
				SDKROOT = iphoneos;
			};
			name = Debug;
		};
		3C987CBE1C16F35C002FAB88 /* Release */ = {
			isa = XCBuildConfiguration;
			buildSettings = {
				ALWAYS_SEARCH_USER_PATHS = NO;
				CLANG_CXX_LANGUAGE_STANDARD = "gnu++0x";
				CLANG_CXX_LIBRARY = "libc++";
				CLANG_ENABLE_MODULES = YES;
				CLANG_ENABLE_OBJC_ARC = YES;
				CLANG_WARN_BOOL_CONVERSION = YES;
				CLANG_WARN_CONSTANT_CONVERSION = YES;
				CLANG_WARN_DIRECT_OBJC_ISA_USAGE = YES_ERROR;
				CLANG_WARN_EMPTY_BODY = YES;
				CLANG_WARN_ENUM_CONVERSION = YES;
				CLANG_WARN_INT_CONVERSION = YES;
				CLANG_WARN_OBJC_ROOT_CLASS = YES_ERROR;
				CLANG_WARN_UNREACHABLE_CODE = YES;
				CLANG_WARN__DUPLICATE_METHOD_MATCH = YES;
				"CODE_SIGN_IDENTITY[sdk=iphoneos*]" = "iPhone Developer";
				COPY_PHASE_STRIP = NO;
				DEBUG_INFORMATION_FORMAT = "dwarf-with-dsym";
				ENABLE_NS_ASSERTIONS = NO;
				ENABLE_STRICT_OBJC_MSGSEND = YES;
				GCC_C_LANGUAGE_STANDARD = gnu99;
				GCC_NO_COMMON_BLOCKS = YES;
				GCC_WARN_64_TO_32_BIT_CONVERSION = YES;
				GCC_WARN_ABOUT_RETURN_TYPE = YES_ERROR;
				GCC_WARN_UNDECLARED_SELECTOR = YES;
				GCC_WARN_UNINITIALIZED_AUTOS = YES_AGGRESSIVE;
				GCC_WARN_UNUSED_FUNCTION = YES;
				GCC_WARN_UNUSED_VARIABLE = YES;
				IPHONEOS_DEPLOYMENT_TARGET = 9.2;
				MTL_ENABLE_DEBUG_INFO = NO;
				SDKROOT = iphoneos;
				VALIDATE_PRODUCT = YES;
			};
			name = Release;
		};
		3C987CC01C16F35C002FAB88 /* Debug */ = {
			isa = XCBuildConfiguration;
			buildSettings = {
				ASSETCATALOG_COMPILER_APPICON_NAME = AppIcon;
				INFOPLIST_FILE = UISearchDisplayControllerDemo/Info.plist;
				IPHONEOS_DEPLOYMENT_TARGET = 7.0;
				LD_RUNPATH_SEARCH_PATHS = "$(inherited) @executable_path/Frameworks";
				PRODUCT_BUNDLE_IDENTIFIER = "com.litt1e-p.UISearchDisplayControllerDemo";
				PRODUCT_NAME = "$(TARGET_NAME)";
			};
			name = Debug;
		};
		3C987CC11C16F35C002FAB88 /* Release */ = {
			isa = XCBuildConfiguration;
			buildSettings = {
				ASSETCATALOG_COMPILER_APPICON_NAME = AppIcon;
				INFOPLIST_FILE = UISearchDisplayControllerDemo/Info.plist;
				IPHONEOS_DEPLOYMENT_TARGET = 7.0;
				LD_RUNPATH_SEARCH_PATHS = "$(inherited) @executable_path/Frameworks";
				PRODUCT_BUNDLE_IDENTIFIER = "com.litt1e-p.UISearchDisplayControllerDemo";
				PRODUCT_NAME = "$(TARGET_NAME)";
			};
			name = Release;
		};
/* End XCBuildConfiguration section */

/* Begin XCConfigurationList section */
		3C987CA31C16F35B002FAB88 /* Build configuration list for PBXProject "UISearchDisplayControllerDemo" */ = {
			isa = XCConfigurationList;
			buildConfigurations = (
				3C987CBD1C16F35C002FAB88 /* Debug */,
				3C987CBE1C16F35C002FAB88 /* Release */,
			);
			defaultConfigurationIsVisible = 0;
			defaultConfigurationName = Release;
		};
		3C987CBF1C16F35C002FAB88 /* Build configuration list for PBXNativeTarget "UISearchDisplayControllerDemo" */ = {
			isa = XCConfigurationList;
			buildConfigurations = (
				3C987CC01C16F35C002FAB88 /* Debug */,
				3C987CC11C16F35C002FAB88 /* Release */,
			);
			defaultConfigurationIsVisible = 0;
		};
/* End XCConfigurationList section */
	};
	rootObject = 3C987CA01C16F35B002FAB88 /* Project object */;
}
